
Microsoft Visual Studio Solution File, Format Version 12.00
# Visual Studio Version 17
VisualStudioVersion = 17.13.35828.75
MinimumVisualStudioVersion = 10.0.40219.1
Project("{FAE04EC0-301F-11D3-BF4B-00C04F79EFBC}") = "AutoLogger", "AutoLogger\AutoLogger.csproj", "{F3F439D7-F755-4626-A9BA-96FE994A63D4}"
EndProject
Project("{FAE04EC0-301F-11D3-BF4B-00C04F79EFBC}") = "TestAutoLogger", "TestAutoLogger\TestAutoLogger.csproj", "{1F45DC0F-7E49-4F23-9C7D-08D13D3D2045}"
EndProject
Global
	GlobalSection(SolutionConfigurationPlatforms) = preSolution
		Debug|Any CPU = Debug|Any CPU
		Release|Any CPU = Release|Any CPU
	EndGlobalSection
	GlobalSection(ProjectConfigurationPlatforms) = postSolution
		{F3F439D7-F755-4626-A9BA-96FE994A63D4}.Debug|Any CPU.ActiveCfg = Debug|Any CPU
		{F3F439D7-F755-4626-A9BA-96FE994A63D4}.Debug|Any CPU.Build.0 = Debug|Any CPU
		{F3F439D7-F755-4626-A9BA-96FE994A63D4}.Release|Any CPU.ActiveCfg = Release|Any CPU
		{F3F439D7-F755-4626-A9BA-96FE994A63D4}.Release|Any CPU.Build.0 = Release|Any CPU
		{1F45DC0F-7E49-4F23-9C7D-08D13D3D2045}.Debug|Any CPU.ActiveCfg = Debug|Any CPU
		{1F45DC0F-7E49-4F23-9C7D-08D13D3D2045}.Debug|Any CPU.Build.0 = Debug|Any CPU
		{1F45DC0F-7E49-4F23-9C7D-08D13D3D2045}.Release|Any CPU.ActiveCfg = Release|Any CPU
		{1F45DC0F-7E49-4F23-9C7D-08D13D3D2045}.Release|Any CPU.Build.0 = Release|Any CPU
	EndGlobalSection
	GlobalSection(SolutionProperties) = preSolution
		HideSolutionNode = FALSE
	EndGlobalSection
	GlobalSection(ExtensibilityGlobals) = postSolution
		SolutionGuid = {A8914701-94CC-44F2-9E89-6518E36333F3}
	EndGlobalSection
EndGlobal
